<?xml version="1.0" encoding="utf-8"?>
<Project ToolsVersion="4.0" xmlns="http://schemas.microsoft.com/developer/msbuild/2003">
  <ItemGroup>
    <Filter Include="原始程式檔">
      <UniqueIdentifier>{4FC737F1-C7A5-4376-A066-2A32D752A2FF}</UniqueIdentifier>
      <Extensions>cpp;c;cc;cxx;def;odl;idl;hpj;bat;asm;asmx</Extensions>
    </Filter>
    <Filter Include="標頭檔">
      <UniqueIdentifier>{93995380-89BD-4b04-88EB-625FBE52EBFB}</UniqueIdentifier>
      <Extensions>h;hpp;hxx;hm;inl;inc;xsd</Extensions>
    </Filter>
    <Filter Include="資源檔">
      <UniqueIdentifier>{67DA6AB6-F800-4c08-8B7A-83BB121AAD01}</UniqueIdentifier>
      <Extensions>rc;ico;cur;bmp;dlg;rc2;rct;bin;rgs;gif;jpg;jpeg;jpe;resx;tiff;tif;png;wav</Extensions>
    </Filter>
  </ItemGroup>
  <ItemGroup>
    <ClCompile Include="dllmain.cpp">
      <Filter>原始程式檔</Filter>
    </ClCompile>
    <ClCompile Include="libOP.cpp">
      <Filter>原始程式檔</Filter>
    </ClCompile>
    <ClCompile Include="stdafx.cpp">
      <Filter>原始程式檔</Filter>
    </ClCompile>
    <ClCompile Include="ndisasm.c">
      <Filter>原始程式檔</Filter>
    </ClCompile>
    <ClCompile Include="pch.c">
      <Filter>原始程式檔</Filter>
    </ClCompile>
    <ClCompile Include="common.c">
      <Filter>原始程式檔</Filter>
    </ClCompile>
    <ClCompile Include="disp8.c">
      <Filter>原始程式檔</Filter>
    </ClCompile>
    <ClCompile Include="iflag.c">
      <Filter>原始程式檔</Filter>
    </ClCompile>
    <ClCompile Include="insnsb.c">
      <Filter>原始程式檔</Filter>
    </ClCompile>
    <ClCompile Include="insnsd.c">
      <Filter>原始程式檔</Filter>
    </ClCompile>
    <ClCompile Include="insnsn.c">
      <Filter>原始程式檔</Filter>
    </ClCompile>
    <ClCompile Include="regdis.c">
      <Filter>原始程式檔</Filter>
    </ClCompile>
    <ClCompile Include="regs.c">
      <Filter>原始程式檔</Filter>
    </ClCompile>
    <ClCompile Include="sync.c">
      <Filter>原始程式檔</Filter>
    </ClCompile>
  </ItemGroup>
  <ItemGroup>
    <ClInclude Include="libOP.h">
      <Filter>標頭檔</Filter>
    </ClInclude>
    <ClInclude Include="stdafx.h">
      <Filter>標頭檔</Filter>
    </ClInclude>
    <ClInclude Include="targetver.h">
      <Filter>標頭檔</Filter>
    </ClInclude>
    <ClInclude Include="pch.h">
      <Filter>標頭檔</Filter>
    </ClInclude>
    <ClInclude Include="ndisasm.h">
      <Filter>標頭檔</Filter>
    </ClInclude>
    <ClInclude Include="compiler.h">
      <Filter>標頭檔</Filter>
    </ClInclude>
    <ClInclude Include="sync.h">
      <Filter>標頭檔</Filter>
    </ClInclude>
    <ClInclude Include="bytesex.h">
      <Filter>標頭檔</Filter>
    </ClInclude>
    <ClInclude Include="directiv.h">
      <Filter>標頭檔</Filter>
    </ClInclude>
    <ClInclude Include="disasm.h">
      <Filter>標頭檔</Filter>
    </ClInclude>
    <ClInclude Include="disp8.h">
      <Filter>標頭檔</Filter>
    </ClInclude>
    <ClInclude Include="error.h">
      <Filter>標頭檔</Filter>
    </ClInclude>
    <ClInclude Include="iflag.h">
      <Filter>標頭檔</Filter>
    </ClInclude>
    <ClInclude Include="iflaggen.h">
      <Filter>標頭檔</Filter>
    </ClInclude>
    <ClInclude Include="ilog2.h">
      <Filter>標頭檔</Filter>
    </ClInclude>
    <ClInclude Include="insns.h">
      <Filter>標頭檔</Filter>
    </ClInclude>
    <ClInclude Include="insnsi.h">
      <Filter>標頭檔</Filter>
    </ClInclude>
    <ClInclude Include="labels.h">
      <Filter>標頭檔</Filter>
    </ClInclude>
    <ClInclude Include="nasm.h">
      <Filter>標頭檔</Filter>
    </ClInclude>
    <ClInclude Include="nasmint.h">
      <Filter>標頭檔</Filter>
    </ClInclude>
    <ClInclude Include="nasmlib.h">
      <Filter>標頭檔</Filter>
    </ClInclude>
    <ClInclude Include="nctype.h">
      <Filter>標頭檔</Filter>
    </ClInclude>
    <ClInclude Include="opflags.h">
      <Filter>標頭檔</Filter>
    </ClInclude>
    <ClInclude Include="perfhash.h">
      <Filter>標頭檔</Filter>
    </ClInclude>
    <ClInclude Include="preproc.h">
      <Filter>標頭檔</Filter>
    </ClInclude>
    <ClInclude Include="regdis.h">
      <Filter>標頭檔</Filter>
    </ClInclude>
    <ClInclude Include="regs.h">
      <Filter>標頭檔</Filter>
    </ClInclude>
    <ClInclude Include="srcfile.h">
      <Filter>標頭檔</Filter>
    </ClInclude>
    <ClInclude Include="strlist.h">
      <Filter>標頭檔</Filter>
    </ClInclude>
    <ClInclude Include="tables.h">
      <Filter>標頭檔</Filter>
    </ClInclude>
    <ClInclude Include="tokens.h">
      <Filter>標頭檔</Filter>
    </ClInclude>
    <ClInclude Include="ver.h">
      <Filter>標頭檔</Filter>
    </ClInclude>
  </ItemGroup>
  <ItemGroup>
    <Text Include="ReadMe.txt" />
  </ItemGroup>
</Project>